github.com/google/uuid v1.3.0 h1:t6JiXgmwXMjEs8VusXIJk2BXHsn+wx8BZdTaoZ5fu7I=
github.com/google/uuid v1.3.0/go.mod h1:TIyPZe4MgqvfeYDBFedMoGGpEw/LqOeaOT+nhxU+yHo=
github.com/klauspost/compress v1.18.0 h1:c/Cqfb0r+Yi+JtIEq73FWXVkRonBlf0CRNYc8Zttxdo=
github.com/klauspost/compress v1.18.0/go.mod h1:2Pp+KzxcywXVXMr50+X0Q/Lsb43OQHYWRCY2AiWywWQ=
github.com/nats-io/nats.go v1.44.0 h1:ECKVrDLdh/kDPV1g0gAQ+2+m2KprqZK5O/eJAyAnH2M=
github.com/nats-io/nats.go v1.44.0/go.mod h1:iRWIPokVIFbVijxuMQq4y9ttaBTMe0SFdlZfMDd+33g=
github.com/nats-io/nkeys v0.4.11 h1:q44qGV008kYd9W1b1nEBkNzvnWxtRSQ7A8BoqRrcfa0=
github.com/nats-io/nkeys v0.4.11/go.mod h1:szDimtgmfOi9n25JpfIdGw12tZFYXqhGxjhVxsatHVE=
github.com/nats-io/nuid v1.0.1 h1:5iA8DT8V7q8WK2EScv2padNa/rTESc1KdnPw4TC2paw=
github.com/nats-io/nuid v1.0.1/go.mod h1:19wcPz3Ph3q0Jbyiqsd0kePYG7A95tJPxeL+1OSON2c=
github.com/pip-services4/pip-services4-go/pip-services4-commons-go v0.0.0-20230619184138-fc6f24c4dfd6 h1:8VQaHh6KVJKYRbRPAPlEfRs63OC/olYZxAtpqv8QC2M=
github.com/pip-services4/pip-services4-go/pip-services4-commons-go v0.0.0-20230619184138-fc6f24c4dfd6/go.mod h1:LbnlNUywvRiRy2G2mEx/KaVX3DTyMC09D+atqbTIJUg=
github.com/pip-services4/pip-services4-go/pip-services4-commons-go v0.0.0-20230620183024-199067dc6611 h1:y1dBl6CKJmsYfvFBpGKrvO5qcAL9FgneBOlPsl3Qp0k=
github.com/pip-services4/pip-services4-go/pip-services4-commons-go v0.0.0-20230620183024-199067dc6611/go.mod h1:LbnlNUywvRiRy2G2mEx/KaVX3DTyMC09D+atqbTIJUg=
github.com/pip-services4/pip-services4-go/pip-services4-commons-go v0.0.1-2 h1:RVkMACgpjRLaVsw4tSiiQTRlcZr93mE6bWGJVB7Zp8E=
github.com/pip-services4/pip-services4-go/pip-services4-commons-go v0.0.1-2/go.mod h1:nLoiJ/YX4OYLYPvCk5R32kjpmSRbb8LVHkEMwQQcGTI=
github.com/pip-services4/pip-services4-go/pip-services4-components-go v0.0.1-2 h1:iBd1h+A8AdsDZxRM98H14hVIFcJm62OqkS2JqA3Sg2w=
github.com/pip-services4/pip-services4-go/pip-services4-components-go v0.0.1-2/go.mod h1:aaUai6hws7dW2IbpGbKCcTrY9sV2hcU7NehIP4DLhFQ=
github.com/pip-services4/pip-services4-go/pip-services4-config-go v0.0.1-3 h1:8jxug3r1c5aKNjNqY8Bb+XEf1ALj5ikGiJkZzFdoET0=
github.com/pip-services4/pip-services4-go/pip-services4-config-go v0.0.1-3/go.mod h1:LaDXqVp77EJyvD7yliwPRPJvNjQpaf99hrIkiH6EBsQ=
github.com/pip-services4/pip-services4-go/pip-services4-data-go v0.0.1-2 h1:gaFOA9XL9CTBGTw0o7LjkWCgWC6dX+RN/1SH1pXtaJg=
github.com/pip-services4/pip-services4-go/pip-services4-data-go v0.0.1-2/go.mod h1:r87dnCIXGPbwtKUqXv4aDYL2P87ftyevudtVCTwJpXU=
github.com/pip-services4/pip-services4-go/pip-services4-messaging-go v0.0.3-6 h1:jhumG0iS48o5euTKIqeB9UcHJcoucIDr4Nw4RhzPjiY=
github.com/pip-services4/pip-services4-go/pip-services4-messaging-go v0.0.3-6/go.mod h1:VUQKiZko/nH2ByXFmoonqXTdBgsjWhg4682QoWK0lv4=
github.com/pip-services4/pip-services4-go/pip-services4-nats-go v0.0.1-2 h1:b5fx97udFpF0M3vkGhqTcnwXq6UtVY5AzrUAWkxMiFU=
github.com/pip-services4/pip-services4-go/pip-services4-nats-go v0.0.1-2/go.mod h1:HOkvqhBv2OxZeux0Ja5nGQcknXUQa3R52fSjWB7zZ2k=
github.com/pip-services4/pip-services4-go/pip-services4-observability-go v0.0.1-3 h1:J9oNdirAcSFu2ktc/AWXJD2wfUCF2M6rHnI4N7l48kY=
github.com/pip-services4/pip-services4-go/pip-services4-observability-go v0.0.1-3/go.mod h1:b7zuaDOKLphzPozlynIq/Ub7HzgFqzozdSWPabT/bpc=
golang.org/x/crypto v0.37.0 h1:kJNSjF/Xp7kU0iB2Z+9viTPMW4EqqsrywMXLJOOsXSE=
golang.org/x/crypto v0.37.0/go.mod h1:vg+k43peMZ0pUMhYmVAWysMK35e6ioLh3wB8ZCAfbVc=
golang.org/x/sys v0.32.0 h1:s77OFDvIQeibCmezSnk/q6iAfkdiQaJi4VzroCFrN20=
golang.org/x/sys v0.32.0/go.mod h1:BJP2sWEmIv4KK5OTEluFJCKSidICx8ciO85XgH3Ak8k=
